
Microsoft Visual Studio Solution File, Format Version 12.00
# Visual Studio Version 17
VisualStudioVersion = 17.9.34723.18
MinimumVisualStudioVersion = 10.0.40219.1
Project("{FAE04EC0-301F-11D3-BF4B-00C04F79EFBC}") = "wave", "wave.csproj", "{6D62E29F-2E89-4254-BA83-433EC8CFE229}"
EndProject
Global
	GlobalSection(SolutionConfigurationPlatforms) = preSolution
		Debug|Any CPU = Debug|Any CPU
		Release|Any CPU = Release|Any CPU
	EndGlobalSection
	GlobalSection(ProjectConfigurationPlatforms) = postSolution
		{6D62E29F-2E89-4254-BA83-433EC8CFE229}.Debug|Any CPU.ActiveCfg = Debug|Any CPU
		{6D62E29F-2E89-4254-BA83-433EC8CFE229}.Debug|Any CPU.Build.0 = Debug|Any CPU
		{6D62E29F-2E89-4254-BA83-433EC8CFE229}.Debug|Any CPU.Deploy.0 = Debug|Any CPU
		{6D62E29F-2E89-4254-BA83-433EC8CFE229}.Release|Any CPU.ActiveCfg = Release|Any CPU
		{6D62E29F-2E89-4254-BA83-433EC8CFE229}.Release|Any CPU.Build.0 = Release|Any CPU
		{6D62E29F-2E89-4254-BA83-433EC8CFE229}.Release|Any CPU.Deploy.0 = Release|Any CPU
	EndGlobalSection
	GlobalSection(SolutionProperties) = preSolution
		HideSolutionNode = FALSE
	EndGlobalSection
	GlobalSection(ExtensibilityGlobals) = postSolution
		SolutionGuid = {8DF851BE-D3FF-4E7D-AAC2-845778B9BE4C}
	EndGlobalSection
EndGlobal
